
Microsoft Visual Studio Solution File, Format Version 12.00
# Visual Studio Version 17
VisualStudioVersion = 17.12.35527.113 d17.12
MinimumVisualStudioVersion = 10.0.40219.1
Project("{FAE04EC0-301F-11D3-BF4B-00C04F79EFBC}") = "ikea.PL", "ikea.PL\ikea.PL.csproj", "{CEF4487F-34AE-408B-BB71-8BE4785EF67F}"
EndProject
Project("{FAE04EC0-301F-11D3-BF4B-00C04F79EFBC}") = "ikea.BLL", "ikea.BLL\ikea.BLL.csproj", "{E5019681-90FA-42D1-9E9B-10DB9CFB3A53}"
EndProject
Project("{FAE04EC0-301F-11D3-BF4B-00C04F79EFBC}") = "ikea.DAL", "ikea.DAL\ikea.DAL.csproj", "{D01D9067-650C-489F-8167-3835BE3EB428}"
EndProject
Global
	GlobalSection(SolutionConfigurationPlatforms) = preSolution
		Debug|Any CPU = Debug|Any CPU
		Release|Any CPU = Release|Any CPU
	EndGlobalSection
	GlobalSection(ProjectConfigurationPlatforms) = postSolution
		{CEF4487F-34AE-408B-BB71-8BE4785EF67F}.Debug|Any CPU.ActiveCfg = Debug|Any CPU
		{CEF4487F-34AE-408B-BB71-8BE4785EF67F}.Debug|Any CPU.Build.0 = Debug|Any CPU
		{CEF4487F-34AE-408B-BB71-8BE4785EF67F}.Release|Any CPU.ActiveCfg = Release|Any CPU
		{CEF4487F-34AE-408B-BB71-8BE4785EF67F}.Release|Any CPU.Build.0 = Release|Any CPU
		{E5019681-90FA-42D1-9E9B-10DB9CFB3A53}.Debug|Any CPU.ActiveCfg = Debug|Any CPU
		{E5019681-90FA-42D1-9E9B-10DB9CFB3A53}.Debug|Any CPU.Build.0 = Debug|Any CPU
		{E5019681-90FA-42D1-9E9B-10DB9CFB3A53}.Release|Any CPU.ActiveCfg = Release|Any CPU
		{E5019681-90FA-42D1-9E9B-10DB9CFB3A53}.Release|Any CPU.Build.0 = Release|Any CPU
		{D01D9067-650C-489F-8167-3835BE3EB428}.Debug|Any CPU.ActiveCfg = Debug|Any CPU
		{D01D9067-650C-489F-8167-3835BE3EB428}.Debug|Any CPU.Build.0 = Debug|Any CPU
		{D01D9067-650C-489F-8167-3835BE3EB428}.Release|Any CPU.ActiveCfg = Release|Any CPU
		{D01D9067-650C-489F-8167-3835BE3EB428}.Release|Any CPU.Build.0 = Release|Any CPU
	EndGlobalSection
	GlobalSection(SolutionProperties) = preSolution
		HideSolutionNode = FALSE
	EndGlobalSection
EndGlobal
